// !$*UTF8*$!
{
	archiveVersion = 1;
	classes = {
	};
	objectVersion = 77;
	objects = {

/* Begin PBXContainerItemProxy section */
		1178DB8A2CFFB84E00D405AF /* PBXContainerItemProxy */ = {
			isa = PBXContainerItemProxy;
			containerPortal = 1178DB712CFFB84D00D405AF /* Project object */;
			proxyType = 1;
			remoteGlobalIDString = 1178DB782CFFB84D00D405AF;
			remoteInfo = "Americano Challenge";
		};
		1178DB942CFFB84E00D405AF /* PBXContainerItemProxy */ = {
			isa = PBXContainerItemProxy;
			containerPortal = 1178DB712CFFB84D00D405AF /* Project object */;
			proxyType = 1;
			remoteGlobalIDString = 1178DB782CFFB84D00D405AF;
			remoteInfo = "Americano Challenge";
		};
/* End PBXContainerItemProxy section */

/* Begin PBXFileReference section */
		1178DB792CFFB84D00D405AF /* Americano Challenge.app */ = {isa = PBXFileReference; explicitFileType = wrapper.application; includeInIndex = 0; path = "Americano Challenge.app"; sourceTree = BUILT_PRODUCTS_DIR; };
		1178DB892CFFB84E00D405AF /* Americano ChallengeTests.xctest */ = {isa = PBXFileReference; explicitFileType = wrapper.cfbundle; includeInIndex = 0; path = "Americano ChallengeTests.xctest"; sourceTree = BUILT_PRODUCTS_DIR; };
		1178DB932CFFB84E00D405AF /* Americano ChallengeUITests.xctest */ = {isa = PBXFileReference; explicitFileType = wrapper.cfbundle; includeInIndex = 0; path = "Americano ChallengeUITests.xctest"; sourceTree = BUILT_PRODUCTS_DIR; };
/* End PBXFileReference section */

/* Begin PBXFileSystemSynchronizedRootGroup section */
		1178DB7B2CFFB84D00D405AF /* Americano Challenge */ = {
			isa = PBXFileSystemSynchronizedRootGroup;
			path = "Americano Challenge";
			sourceTree = "<group>";
		};
		1178DB8C2CFFB84E00D405AF /* Americano ChallengeTests */ = {
			isa = PBXFileSystemSynchronizedRootGroup;
			path = "Americano ChallengeTests";
			sourceTree = "<group>";
		};
		1178DB962CFFB84E00D405AF /* Americano ChallengeUITests */ = {
			isa = PBXFileSystemSynchronizedRootGroup;
			path = "Americano ChallengeUITests";
			sourceTree = "<group>";
		};
/* End PBXFileSystemSynchronizedRootGroup section */

/* Begin PBXFrameworksBuildPhase section */
		1178DB762CFFB84D00D405AF /* Frameworks */ = {
			isa = PBXFrameworksBuildPhase;
			buildActionMask = 2147483647;
			files = (
			);
			runOnlyForDeploymentPostprocessing = 0;
		};
		1178DB862CFFB84E00D405AF /* Frameworks */ = {
			isa = PBXFrameworksBuildPhase;
			buildActionMask = 2147483647;
			files = (
			);
			runOnlyForDeploymentPostprocessing = 0;
		};
		1178DB902CFFB84E00D405AF /* Frameworks */ = {
			isa = PBXFrameworksBuildPhase;
			buildActionMask = 2147483647;
			files = (
			);
			runOnlyForDeploymentPostprocessing = 0;
		};
/* End PBXFrameworksBuildPhase section */

/* Begin PBXGroup section */
		1178DB702CFFB84D00D405AF = {
			isa = PBXGroup;
			children = (
				1178DB7B2CFFB84D00D405AF /* Americano Challenge */,
				1178DB8C2CFFB84E00D405AF /* Americano ChallengeTests */,
				1178DB962CFFB84E00D405AF /* Americano ChallengeUITests */,
				1178DB7A2CFFB84D00D405AF /* Products */,
			);
			sourceTree = "<group>";
		};
		1178DB7A2CFFB84D00D405AF /* Products */ = {
			isa = PBXGroup;
			children = (
				1178DB792CFFB84D00D405AF /* Americano Challenge.app */,
				1178DB892CFFB84E00D405AF /* Americano ChallengeTests.xctest */,
				1178DB932CFFB84E00D405AF /* Americano ChallengeUITests.xctest */,
			);
			name = Products;
			sourceTree = "<group>";
		};
/* End PBXGroup section */

/* Begin PBXNativeTarget section */
		1178DB782CFFB84D00D405AF /* Americano Challenge */ = {
			isa = PBXNativeTarget;
			buildConfigurationList = 1178DB9D2CFFB84E00D405AF /* Build configuration list for PBXNativeTarget "Americano Challenge" */;
			buildPhases = (
				1178DB752CFFB84D00D405AF /* Sources */,
				1178DB762CFFB84D00D405AF /* Frameworks */,
				1178DB772CFFB84D00D405AF /* Resources */,
			);
			buildRules = (
			);
			dependencies = (
			);
			fileSystemSynchronizedGroups = (
				1178DB7B2CFFB84D00D405AF /* Americano Challenge */,
			);
			name = "Americano Challenge";
			packageProductDependencies = (
			);
			productName = "Americano Challenge";
			productReference = 1178DB792CFFB84D00D405AF /* Americano Challenge.app */;
			productType = "com.apple.product-type.application";
		};
		1178DB882CFFB84E00D405AF /* Americano ChallengeTests */ = {
			isa = PBXNativeTarget;
			buildConfigurationList = 1178DBA02CFFB84E00D405AF /* Build configuration list for PBXNativeTarget "Americano ChallengeTests" */;
			buildPhases = (
				1178DB852CFFB84E00D405AF /* Sources */,
				1178DB862CFFB84E00D405AF /* Frameworks */,
				1178DB872CFFB84E00D405AF /* Resources */,
			);
			buildRules = (
			);
			dependencies = (
				1178DB8B2CFFB84E00D405AF /* PBXTargetDependency */,
			);
			fileSystemSynchronizedGroups = (
				1178DB8C2CFFB84E00D405AF /* Americano ChallengeTests */,
			);
			name = "Americano ChallengeTests";
			packageProductDependencies = (
			);
			productName = "Americano ChallengeTests";
			productReference = 1178DB892CFFB84E00D405AF /* Americano ChallengeTests.xctest */;
			productType = "com.apple.product-type.bundle.unit-test";
		};
		1178DB922CFFB84E00D405AF /* Americano ChallengeUITests */ = {
			isa = PBXNativeTarget;
			buildConfigurationList = 1178DBA32CFFB84E00D405AF /* Build configuration list for PBXNativeTarget "Americano ChallengeUITests" */;
			buildPhases = (
				1178DB8F2CFFB84E00D405AF /* Sources */,
				1178DB902CFFB84E00D405AF /* Frameworks */,
				1178DB912CFFB84E00D405AF /* Resources */,
			);
			buildRules = (
			);
			dependencies = (
				1178DB952CFFB84E00D405AF /* PBXTargetDependency */,
			);
			fileSystemSynchronizedGroups = (
				1178DB962CFFB84E00D405AF /* Americano ChallengeUITests */,
			);
			name = "Americano ChallengeUITests";
			packageProductDependencies = (
			);
			productName = "Americano ChallengeUITests";
			productReference = 1178DB932CFFB84E00D405AF /* Americano ChallengeUITests.xctest */;
			productType = "com.apple.product-type.bundle.ui-testing";
		};
/* End PBXNativeTarget section */

/* Begin PBXProject section */
		1178DB712CFFB84D00D405AF /* Project object */ = {
			isa = PBXProject;
			attributes = {
				BuildIndependentTargetsInParallel = 1;
				LastSwiftUpdateCheck = 1600;
				LastUpgradeCheck = 1600;
				TargetAttributes = {
					1178DB782CFFB84D00D405AF = {
						CreatedOnToolsVersion = 16.0;
					};
					1178DB882CFFB84E00D405AF = {
						CreatedOnToolsVersion = 16.0;
						TestTargetID = 1178DB782CFFB84D00D405AF;
					};
					1178DB922CFFB84E00D405AF = {
						CreatedOnToolsVersion = 16.0;
						TestTargetID = 1178DB782CFFB84D00D405AF;
					};
				};
			};
			buildConfigurationList = 1178DB742CFFB84D00D405AF /* Build configuration list for PBXProject "Americano Challenge" */;
			developmentRegion = en;
			hasScannedForEncodings = 0;
			knownRegions = (
				en,
				Base,
			);
			mainGroup = 1178DB702CFFB84D00D405AF;
			minimizedProjectReferenceProxies = 1;
			preferredProjectObjectVersion = 77;
			productRefGroup = 1178DB7A2CFFB84D00D405AF /* Products */;
			projectDirPath = "";
			projectRoot = "";
			targets = (
				1178DB782CFFB84D00D405AF /* Americano Challenge */,
				1178DB882CFFB84E00D405AF /* Americano ChallengeTests */,
				1178DB922CFFB84E00D405AF /* Americano ChallengeUITests */,
			);
		};
/* End PBXProject section */

/* Begin PBXResourcesBuildPhase section */
		1178DB772CFFB84D00D405AF /* Resources */ = {
			isa = PBXResourcesBuildPhase;
			buildActionMask = 2147483647;
			files = (
			);
			runOnlyForDeploymentPostprocessing = 0;
		};
		1178DB872CFFB84E00D405AF /* Resources */ = {
			isa = PBXResourcesBuildPhase;
			buildActionMask = 2147483647;
			files = (
			);
			runOnlyForDeploymentPostprocessing = 0;
		};
		1178DB912CFFB84E00D405AF /* Resources */ = {
			isa = PBXResourcesBuildPhase;
			buildActionMask = 2147483647;
			files = (
			);
			runOnlyForDeploymentPostprocessing = 0;
		};
/* End PBXResourcesBuildPhase section */

/* Begin PBXSourcesBuildPhase section */
		1178DB752CFFB84D00D405AF /* Sources */ = {
			isa = PBXSourcesBuildPhase;
			buildActionMask = 2147483647;
			files = (
			);
			runOnlyForDeploymentPostprocessing = 0;
		};
		1178DB852CFFB84E00D405AF /* Sources */ = {
			isa = PBXSourcesBuildPhase;
			buildActionMask = 2147483647;
			files = (
			);
			runOnlyForDeploymentPostprocessing = 0;
		};
		1178DB8F2CFFB84E00D405AF /* Sources */ = {
			isa = PBXSourcesBuildPhase;
			buildActionMask = 2147483647;
			files = (
			);
			runOnlyForDeploymentPostprocessing = 0;
		};
/* End PBXSourcesBuildPhase section */

/* Begin PBXTargetDependency section */
		1178DB8B2CFFB84E00D405AF /* PBXTargetDependency */ = {
			isa = PBXTargetDependency;
			target = 1178DB782CFFB84D00D405AF /* Americano Challenge */;
			targetProxy = 1178DB8A2CFFB84E00D405AF /* PBXContainerItemProxy */;
		};
		1178DB952CFFB84E00D405AF /* PBXTargetDependency */ = {
			isa = PBXTargetDependency;
			target = 1178DB782CFFB84D00D405AF /* Americano Challenge */;
			targetProxy = 1178DB942CFFB84E00D405AF /* PBXContainerItemProxy */;
		};
/* End PBXTargetDependency section */

/* Begin XCBuildConfiguration section */
		1178DB9B2CFFB84E00D405AF /* Debug */ = {
			isa = XCBuildConfiguration;
			buildSettings = {
				ALWAYS_SEARCH_USER_PATHS = NO;
				ASSETCATALOG_COMPILER_GENERATE_SWIFT_ASSET_SYMBOL_EXTENSIONS = YES;
				CLANG_ANALYZER_NONNULL = YES;
				CLANG_ANALYZER_NUMBER_OBJECT_CONVERSION = YES_AGGRESSIVE;
				CLANG_CXX_LANGUAGE_STANDARD = "gnu++20";
				CLANG_ENABLE_MODULES = YES;
				CLANG_ENABLE_OBJC_ARC = YES;
				CLANG_ENABLE_OBJC_WEAK = YES;
				CLANG_WARN_BLOCK_CAPTURE_AUTORELEASING = YES;
				CLANG_WARN_BOOL_CONVERSION = YES;
				CLANG_WARN_COMMA = YES;
				CLANG_WARN_CONSTANT_CONVERSION = YES;
				CLANG_WARN_DEPRECATED_OBJC_IMPLEMENTATIONS = YES;
				CLANG_WARN_DIRECT_OBJC_ISA_USAGE = YES_ERROR;
				CLANG_WARN_DOCUMENTATION_COMMENTS = YES;
				CLANG_WARN_EMPTY_BODY = YES;
				CLANG_WARN_ENUM_CONVERSION = YES;
				CLANG_WARN_INFINITE_RECURSION = YES;
				CLANG_WARN_INT_CONVERSION = YES;
				CLANG_WARN_NON_LITERAL_NULL_CONVERSION = YES;
				CLANG_WARN_OBJC_IMPLICIT_RETAIN_SELF = YES;
				CLANG_WARN_OBJC_LITERAL_CONVERSION = YES;
				CLANG_WARN_OBJC_ROOT_CLASS = YES_ERROR;
				CLANG_WARN_QUOTED_INCLUDE_IN_FRAMEWORK_HEADER = YES;
				CLANG_WARN_RANGE_LOOP_ANALYSIS = YES;
				CLANG_WARN_STRICT_PROTOTYPES = YES;
				CLANG_WARN_SUSPICIOUS_MOVE = YES;
				CLANG_WARN_UNGUARDED_AVAILABILITY = YES_AGGRESSIVE;
				CLANG_WARN_UNREACHABLE_CODE = YES;
				CLANG_WARN__DUPLICATE_METHOD_MATCH = YES;
				COPY_PHASE_STRIP = NO;
				DEBUG_INFORMATION_FORMAT = dwarf;
				ENABLE_STRICT_OBJC_MSGSEND = YES;
				ENABLE_TESTABILITY = YES;
				ENABLE_USER_SCRIPT_SANDBOXING = YES;
				GCC_C_LANGUAGE_STANDARD = gnu17;
				GCC_DYNAMIC_NO_PIC = NO;
				GCC_NO_COMMON_BLOCKS = YES;
				GCC_OPTIMIZATION_LEVEL = 0;
				GCC_PREPROCESSOR_DEFINITIONS = (
					"DEBUG=1",
					"$(inherited)",
				);
				GCC_WARN_64_TO_32_BIT_CONVERSION = YES;
				GCC_WARN_ABOUT_RETURN_TYPE = YES_ERROR;
				GCC_WARN_UNDECLARED_SELECTOR = YES;
				GCC_WARN_UNINITIALIZED_AUTOS = YES_AGGRESSIVE;
				GCC_WARN_UNUSED_FUNCTION = YES;
				GCC_WARN_UNUSED_VARIABLE = YES;
				IPHONEOS_DEPLOYMENT_TARGET = 18.0;
				LOCALIZATION_PREFERS_STRING_CATALOGS = YES;
				MTL_ENABLE_DEBUG_INFO = INCLUDE_SOURCE;
				MTL_FAST_MATH = YES;
				ONLY_ACTIVE_ARCH = YES;
				SDKROOT = iphoneos;
				SWIFT_ACTIVE_COMPILATION_CONDITIONS = "DEBUG $(inherited)";
				SWIFT_OPTIMIZATION_LEVEL = "-Onone";
			};
			name = Debug;
		};
		1178DB9C2CFFB84E00D405AF /* Release */ = {
			isa = XCBuildConfiguration;
			buildSettings = {
				ALWAYS_SEARCH_USER_PATHS = NO;
				ASSETCATALOG_COMPILER_GENERATE_SWIFT_ASSET_SYMBOL_EXTENSIONS = YES;
				CLANG_ANALYZER_NONNULL = YES;
				CLANG_ANALYZER_NUMBER_OBJECT_CONVERSION = YES_AGGRESSIVE;
				CLANG_CXX_LANGUAGE_STANDARD = "gnu++20";
				CLANG_ENABLE_MODULES = YES;
				CLANG_ENABLE_OBJC_ARC = YES;
				CLANG_ENABLE_OBJC_WEAK = YES;
				CLANG_WARN_BLOCK_CAPTURE_AUTORELEASING = YES;
				CLANG_WARN_BOOL_CONVERSION = YES;
				CLANG_WARN_COMMA = YES;
				CLANG_WARN_CONSTANT_CONVERSION = YES;
				CLANG_WARN_DEPRECATED_OBJC_IMPLEMENTATIONS = YES;
				CLANG_WARN_DIRECT_OBJC_ISA_USAGE = YES_ERROR;
				CLANG_WARN_DOCUMENTATION_COMMENTS = YES;
				CLANG_WARN_EMPTY_BODY = YES;
				CLANG_WARN_ENUM_CONVERSION = YES;
				CLANG_WARN_INFINITE_RECURSION = YES;
				CLANG_WARN_INT_CONVERSION = YES;
				CLANG_WARN_NON_LITERAL_NULL_CONVERSION = YES;
				CLANG_WARN_OBJC_IMPLICIT_RETAIN_SELF = YES;
				CLANG_WARN_OBJC_LITERAL_CONVERSION = YES;
				CLANG_WARN_OBJC_ROOT_CLASS = YES_ERROR;
				CLANG_WARN_QUOTED_INCLUDE_IN_FRAMEWORK_HEADER = YES;
				CLANG_WARN_RANGE_LOOP_ANALYSIS = YES;
				CLANG_WARN_STRICT_PROTOTYPES = YES;
				CLANG_WARN_SUSPICIOUS_MOVE = YES;
				CLANG_WARN_UNGUARDED_AVAILABILITY = YES_AGGRESSIVE;
				CLANG_WARN_UNREACHABLE_CODE = YES;
				CLANG_WARN__DUPLICATE_METHOD_MATCH = YES;
				COPY_PHASE_STRIP = NO;
				DEBUG_INFORMATION_FORMAT = "dwarf-with-dsym";
				ENABLE_NS_ASSERTIONS = NO;
				ENABLE_STRICT_OBJC_MSGSEND = YES;
				ENABLE_USER_SCRIPT_SANDBOXING = YES;
				GCC_C_LANGUAGE_STANDARD = gnu17;
				GCC_NO_COMMON_BLOCKS = YES;
				GCC_WARN_64_TO_32_BIT_CONVERSION = YES;
				GCC_WARN_ABOUT_RETURN_TYPE = YES_ERROR;
				GCC_WARN_UNDECLARED_SELECTOR = YES;
				GCC_WARN_UNINITIALIZED_AUTOS = YES_AGGRESSIVE;
				GCC_WARN_UNUSED_FUNCTION = YES;
				GCC_WARN_UNUSED_VARIABLE = YES;
				IPHONEOS_DEPLOYMENT_TARGET = 18.0;
				LOCALIZATION_PREFERS_STRING_CATALOGS = YES;
				MTL_ENABLE_DEBUG_INFO = NO;
				MTL_FAST_MATH = YES;
				SDKROOT = iphoneos;
				SWIFT_COMPILATION_MODE = wholemodule;
				VALIDATE_PRODUCT = YES;
			};
			name = Release;
		};
		1178DB9E2CFFB84E00D405AF /* Debug */ = {
			isa = XCBuildConfiguration;
			buildSettings = {
				ASSETCATALOG_COMPILER_APPICON_NAME = AppIcon;
				ASSETCATALOG_COMPILER_GLOBAL_ACCENT_COLOR_NAME = AccentColor;
				CODE_SIGN_STYLE = Automatic;
				CURRENT_PROJECT_VERSION = 1;
				DEVELOPMENT_ASSET_PATHS = "\"Americano Challenge/Preview Content\"";
				DEVELOPMENT_TEAM = PK75ZD89XD;
				ENABLE_PREVIEWS = YES;
				GENERATE_INFOPLIST_FILE = YES;
				INFOPLIST_KEY_UIApplicationSceneManifest_Generation = YES;
				INFOPLIST_KEY_UIApplicationSupportsIndirectInputEvents = YES;
				INFOPLIST_KEY_UILaunchScreen_Generation = YES;
				INFOPLIST_KEY_UISupportedInterfaceOrientations_iPad = "UIInterfaceOrientationPortrait UIInterfaceOrientationPortraitUpsideDown UIInterfaceOrientationLandscapeLeft UIInterfaceOrientationLandscapeRight";
				INFOPLIST_KEY_UISupportedInterfaceOrientations_iPhone = "UIInterfaceOrientationPortrait UIInterfaceOrientationLandscapeLeft UIInterfaceOrientationLandscapeRight";
				LD_RUNPATH_SEARCH_PATHS = (
					"$(inherited)",
					"@executable_path/Frameworks",
				);
				MARKETING_VERSION = 1.0;
				PRODUCT_BUNDLE_IDENTIFIER = "emanuele.sannino.Americano-Challenge";
				PRODUCT_NAME = "$(TARGET_NAME)";
				SWIFT_EMIT_LOC_STRINGS = YES;
				SWIFT_VERSION = 5.0;
				TARGETED_DEVICE_FAMILY = "1,2";
			};
			name = Debug;
		};
		1178DB9F2CFFB84E00D405AF /* Release */ = {
			isa = XCBuildConfiguration;
			buildSettings = {
				ASSETCATALOG_COMPILER_APPICON_NAME = AppIcon;
				ASSETCATALOG_COMPILER_GLOBAL_ACCENT_COLOR_NAME = AccentColor;
				CODE_SIGN_STYLE = Automatic;
				CURRENT_PROJECT_VERSION = 1;
				DEVELOPMENT_ASSET_PATHS = "\"Americano Challenge/Preview Content\"";
				DEVELOPMENT_TEAM = PK75ZD89XD;
				ENABLE_PREVIEWS = YES;
				GENERATE_INFOPLIST_FILE = YES;
				INFOPLIST_KEY_UIApplicationSceneManifest_Generation = YES;
				INFOPLIST_KEY_UIApplicationSupportsIndirectInputEvents = YES;
				INFOPLIST_KEY_UILaunchScreen_Generation = YES;
				INFOPLIST_KEY_UISupportedInterfaceOrientations_iPad = "UIInterfaceOrientationPortrait UIInterfaceOrientationPortraitUpsideDown UIInterfaceOrientationLandscapeLeft UIInterfaceOrientationLandscapeRight";
				INFOPLIST_KEY_UISupportedInterfaceOrientations_iPhone = "UIInterfaceOrientationPortrait UIInterfaceOrientationLandscapeLeft UIInterfaceOrientationLandscapeRight";
				LD_RUNPATH_SEARCH_PATHS = (
					"$(inherited)",
					"@executable_path/Frameworks",
				);
				MARKETING_VERSION = 1.0;
				PRODUCT_BUNDLE_IDENTIFIER = "emanuele.sannino.Americano-Challenge";
				PRODUCT_NAME = "$(TARGET_NAME)";
				SWIFT_EMIT_LOC_STRINGS = YES;
				SWIFT_VERSION = 5.0;
				TARGETED_DEVICE_FAMILY = "1,2";
			};
			name = Release;
		};
		1178DBA12CFFB84E00D405AF /* Debug */ = {
			isa = XCBuildConfiguration;
			buildSettings = {
				BUNDLE_LOADER = "$(TEST_HOST)";
				CODE_SIGN_STYLE = Automatic;
				CURRENT_PROJECT_VERSION = 1;
				DEVELOPMENT_TEAM = PK75ZD89XD;
				GENERATE_INFOPLIST_FILE = YES;
				IPHONEOS_DEPLOYMENT_TARGET = 18.0;
				MARKETING_VERSION = 1.0;
				PRODUCT_BUNDLE_IDENTIFIER = "emanuele.sannino.Americano-ChallengeTests";
				PRODUCT_NAME = "$(TARGET_NAME)";
				SWIFT_EMIT_LOC_STRINGS = NO;
				SWIFT_VERSION = 5.0;
				TARGETED_DEVICE_FAMILY = "1,2";
				TEST_HOST = "$(BUILT_PRODUCTS_DIR)/Americano Challenge.app/$(BUNDLE_EXECUTABLE_FOLDER_PATH)/Americano Challenge";
			};
			name = Debug;
		};
		1178DBA22CFFB84E00D405AF /* Release */ = {
			isa = XCBuildConfiguration;
			buildSettings = {
				BUNDLE_LOADER = "$(TEST_HOST)";
				CODE_SIGN_STYLE = Automatic;
				CURRENT_PROJECT_VERSION = 1;
				DEVELOPMENT_TEAM = PK75ZD89XD;
				GENERATE_INFOPLIST_FILE = YES;
				IPHONEOS_DEPLOYMENT_TARGET = 18.0;
				MARKETING_VERSION = 1.0;
				PRODUCT_BUNDLE_IDENTIFIER = "emanuele.sannino.Americano-ChallengeTests";
				PRODUCT_NAME = "$(TARGET_NAME)";
				SWIFT_EMIT_LOC_STRINGS = NO;
				SWIFT_VERSION = 5.0;
				TARGETED_DEVICE_FAMILY = "1,2";
				TEST_HOST = "$(BUILT_PRODUCTS_DIR)/Americano Challenge.app/$(BUNDLE_EXECUTABLE_FOLDER_PATH)/Americano Challenge";
			};
			name = Release;
		};
		1178DBA42CFFB84E00D405AF /* Debug */ = {
			isa = XCBuildConfiguration;
			buildSettings = {
				CODE_SIGN_STYLE = Automatic;
				CURRENT_PROJECT_VERSION = 1;
				DEVELOPMENT_TEAM = PK75ZD89XD;
				GENERATE_INFOPLIST_FILE = YES;
				MARKETING_VERSION = 1.0;
				PRODUCT_BUNDLE_IDENTIFIER = "emanuele.sannino.Americano-ChallengeUITests";
				PRODUCT_NAME = "$(TARGET_NAME)";
				SWIFT_EMIT_LOC_STRINGS = NO;
				SWIFT_VERSION = 5.0;
				TARGETED_DEVICE_FAMILY = "1,2";
				TEST_TARGET_NAME = "Americano Challenge";
			};
			name = Debug;
		};
		1178DBA52CFFB84E00D405AF /* Release */ = {
			isa = XCBuildConfiguration;
			buildSettings = {
				CODE_SIGN_STYLE = Automatic;
				CURRENT_PROJECT_VERSION = 1;
				DEVELOPMENT_TEAM = PK75ZD89XD;
				GENERATE_INFOPLIST_FILE = YES;
				MARKETING_VERSION = 1.0;
				PRODUCT_BUNDLE_IDENTIFIER = "emanuele.sannino.Americano-ChallengeUITests";
				PRODUCT_NAME = "$(TARGET_NAME)";
				SWIFT_EMIT_LOC_STRINGS = NO;
				SWIFT_VERSION = 5.0;
				TARGETED_DEVICE_FAMILY = "1,2";
				TEST_TARGET_NAME = "Americano Challenge";
			};
			name = Release;
		};
/* End XCBuildConfiguration section */

/* Begin XCConfigurationList section */
		1178DB742CFFB84D00D405AF /* Build configuration list for PBXProject "Americano Challenge" */ = {
			isa = XCConfigurationList;
			buildConfigurations = (
				1178DB9B2CFFB84E00D405AF /* Debug */,
				1178DB9C2CFFB84E00D405AF /* Release */,
			);
			defaultConfigurationIsVisible = 0;
			defaultConfigurationName = Release;
		};
		1178DB9D2CFFB84E00D405AF /* Build configuration list for PBXNativeTarget "Americano Challenge" */ = {
			isa = XCConfigurationList;
			buildConfigurations = (
				1178DB9E2CFFB84E00D405AF /* Debug */,
				1178DB9F2CFFB84E00D405AF /* Release */,
			);
			defaultConfigurationIsVisible = 0;
			defaultConfigurationName = Release;
		};
		1178DBA02CFFB84E00D405AF /* Build configuration list for PBXNativeTarget "Americano ChallengeTests" */ = {
			isa = XCConfigurationList;
			buildConfigurations = (
				1178DBA12CFFB84E00D405AF /* Debug */,
				1178DBA22CFFB84E00D405AF /* Release */,
			);
			defaultConfigurationIsVisible = 0;
			defaultConfigurationName = Release;
		};
		1178DBA32CFFB84E00D405AF /* Build configuration list for PBXNativeTarget "Americano ChallengeUITests" */ = {
			isa = XCConfigurationList;
			buildConfigurations = (
				1178DBA42CFFB84E00D405AF /* Debug */,
				1178DBA52CFFB84E00D405AF /* Release */,
			);
			defaultConfigurationIsVisible = 0;
			defaultConfigurationName = Release;
		};
/* End XCConfigurationList section */
	};
	rootObject = 1178DB712CFFB84D00D405AF /* Project object */;
}
